schema: '2.0'
stages:
  load_data:
    cmd: python src\load_data.py --config=params.yaml
    deps:
    - path: Data_given\ai4i2020.csv
      md5: 399512e3f0c18aa56d036f7d78fe96b1
      size: 522048
    - path: src\get_data.py
      md5: a103938b65e29c890c63351d14cbbd84
      size: 627
    - path: src\load_data.py
      md5: 66eb7d90342428cf20bfe75908480ee0
      size: 730
    outs:
    - path: data\raw\ai4i2020.csv
      md5: 047e9fa2b36b8da18268115077a2c877
      size: 130045
