schema: '2.0'
stages:
  load_data:
    cmd: python src\load_data.py --config=params.yaml
    deps:
    - path: Data_given\ai4i2020.csv
      md5: 399512e3f0c18aa56d036f7d78fe96b1
      size: 522048
    - path: src\get_data.py
      md5: a103938b65e29c890c63351d14cbbd84
      size: 627
    - path: src\load_data.py
      md5: a7bbef226e81bcf8d90cacef9c713f0f
      size: 710
    outs:
    - path: data\raw\ai4i2020.csv
      md5: 047e9fa2b36b8da18268115077a2c877
      size: 130045
  split_data:
    cmd: python src\split_data.py --config=params.yaml
    deps:
    - path: data\raw\ai4i2020.csv
      md5: 047e9fa2b36b8da18268115077a2c877
      size: 130045
    - path: src\split_data.py
      md5: 7a7b94c409eb9ac3c46af82a783a7ee0
      size: 954
    outs:
    - path: data\processed\test_at.csv
      md5: c1f0895dd2878fe6cb2a25f21160e3ff
      size: 26860
    - path: data\processed\train_at.csv
      md5: 7da4277ded4bbadfc0352292dec2b3de
      size: 152122
  train_and_evaluate:
    cmd: python src\train_and_evaluate.py --config=params.yaml
    deps:
    - path: data\processed\test_at.csv
      md5: c1f0895dd2878fe6cb2a25f21160e3ff
      size: 26860
    - path: data\processed\train_at.csv
      md5: 7da4277ded4bbadfc0352292dec2b3de
      size: 152122
    - path: src\train_and_evaluate.py
      md5: 011746d4f925be4cab51f795355d6600
      size: 2279
    params:
      params.yaml:
        estimators.ElasticNet.params.alpha: 0.6
        estimators.ElasticNet.params.l1_ratio: 0.99
    outs:
    - path: report\params.json
      md5: 19472b1eb5306bb644bba32d60ddccaf
      size: 47
    - path: report\scores.json
      md5: d5d2ada51326094dd40fe598eb95093f
      size: 102
    - path: saved_models\model.joblib
      md5: d0174e833f69c2468331562b0cf683e5
      size: 704
