schema: '2.0'
stages:
  load_data:
    cmd: python src/load_data.py --config=params.yaml
    deps:
    - path: Data_given\ai4i2020.csv
      md5: 399512e3f0c18aa56d036f7d78fe96b1
      size: 522048
    - path: src\get_data.py
      md5: a103938b65e29c890c63351d14cbbd84
      size: 627
    - path: src\load_data.py
      md5: 360ca76866340a26c9e5e7873e0a67ff
      size: 728
    outs:
    - path: data\raw\ai4i2020.csv
      md5: 01626084c6318ca5c9f9058963cf6df3
      size: 523915
